
Microsoft Visual Studio Solution File, Format Version 11.00
# Visual Studio 2010
Project("{FAE04EC0-301F-11D3-BF4B-00C04F79EFBC}") = "BACnet Server", "BACnet Server\BACnet Server.csproj", "{95BCC4E3-75D9-49AB-AA2B-103C543065FF}"
EndProject
Global
	GlobalSection(SolutionConfigurationPlatforms) = preSolution
		Debug|x86 = Debug|x86
		Release|x86 = Release|x86
	EndGlobalSection
	GlobalSection(ProjectConfigurationPlatforms) = postSolution
		{95BCC4E3-75D9-49AB-AA2B-103C543065FF}.Debug|x86.ActiveCfg = Debug|x86
		{95BCC4E3-75D9-49AB-AA2B-103C543065FF}.Debug|x86.Build.0 = Debug|x86
		{95BCC4E3-75D9-49AB-AA2B-103C543065FF}.Release|x86.ActiveCfg = Release|x86
		{95BCC4E3-75D9-49AB-AA2B-103C543065FF}.Release|x86.Build.0 = Release|x86
	EndGlobalSection
	GlobalSection(SolutionProperties) = preSolution
		HideSolutionNode = FALSE
	EndGlobalSection
EndGlobal
